
Microsoft Visual Studio Solution File, Format Version 12.00
# Visual Studio Version 16
VisualStudioVersion = 16.0.29306.81
MinimumVisualStudioVersion = 10.0.40219.1
Project("{FAE04EC0-301F-11D3-BF4B-00C04F79EFBC}") = "Inventory_Management", "Inventory_Management.csproj", "{96CC0BD9-AD1B-403D-AAD2-ABE8854EE956}"
EndProject
Global
	GlobalSection(SolutionConfigurationPlatforms) = preSolution
		Debug|Any CPU = Debug|Any CPU
		Release|Any CPU = Release|Any CPU
	EndGlobalSection
	GlobalSection(ProjectConfigurationPlatforms) = postSolution
		{96CC0BD9-AD1B-403D-AAD2-ABE8854EE956}.Debug|Any CPU.ActiveCfg = Debug|Any CPU
		{96CC0BD9-AD1B-403D-AAD2-ABE8854EE956}.Debug|Any CPU.Build.0 = Debug|Any CPU
		{96CC0BD9-AD1B-403D-AAD2-ABE8854EE956}.Release|Any CPU.ActiveCfg = Release|Any CPU
		{96CC0BD9-AD1B-403D-AAD2-ABE8854EE956}.Release|Any CPU.Build.0 = Release|Any CPU
	EndGlobalSection
	GlobalSection(SolutionProperties) = preSolution
		HideSolutionNode = FALSE
	EndGlobalSection
	GlobalSection(ExtensibilityGlobals) = postSolution
		SolutionGuid = {9EC1E9E0-28D8-46E2-A9BF-9488F23401AB}
	EndGlobalSection
EndGlobal
